
Microsoft Visual Studio Solution File, Format Version 12.00
# Visual Studio Version 16
VisualStudioVersion = 16.0.28527.54
MinimumVisualStudioVersion = 10.0.40219.1
Project("{9A19103F-16F7-4668-BE54-9A1E7A4F7556}") = "Fluentley.Queues", "Fluentley.Queues\Fluentley.Queues.csproj", "{E403B072-BFAB-4608-8965-0A7F098AB368}"
EndProject
Project("{9A19103F-16F7-4668-BE54-9A1E7A4F7556}") = "Fluentley.Queues.Tests", "Fluentley.Queues.Tests\Fluentley.Queues.Tests.csproj", "{46DF85CA-CEAD-48DD-AA12-F52D2DAF6D90}"
EndProject
Global
	GlobalSection(SolutionConfigurationPlatforms) = preSolution
		Debug|Any CPU = Debug|Any CPU
		Release|Any CPU = Release|Any CPU
	EndGlobalSection
	GlobalSection(ProjectConfigurationPlatforms) = postSolution
		{E403B072-BFAB-4608-8965-0A7F098AB368}.Debug|Any CPU.ActiveCfg = Debug|Any CPU
		{E403B072-BFAB-4608-8965-0A7F098AB368}.Debug|Any CPU.Build.0 = Debug|Any CPU
		{E403B072-BFAB-4608-8965-0A7F098AB368}.Release|Any CPU.ActiveCfg = Release|Any CPU
		{E403B072-BFAB-4608-8965-0A7F098AB368}.Release|Any CPU.Build.0 = Release|Any CPU
		{46DF85CA-CEAD-48DD-AA12-F52D2DAF6D90}.Debug|Any CPU.ActiveCfg = Debug|Any CPU
		{46DF85CA-CEAD-48DD-AA12-F52D2DAF6D90}.Debug|Any CPU.Build.0 = Debug|Any CPU
		{46DF85CA-CEAD-48DD-AA12-F52D2DAF6D90}.Release|Any CPU.ActiveCfg = Release|Any CPU
		{46DF85CA-CEAD-48DD-AA12-F52D2DAF6D90}.Release|Any CPU.Build.0 = Release|Any CPU
	EndGlobalSection
	GlobalSection(SolutionProperties) = preSolution
		HideSolutionNode = FALSE
	EndGlobalSection
	GlobalSection(ExtensibilityGlobals) = postSolution
		SolutionGuid = {0E600A77-A0B3-4AA2-807E-D6D2D91BB232}
	EndGlobalSection
EndGlobal
